Microsoft Visual Studio Solution File, Format Version 12.00
# Visual Studio Version 17
VisualStudioVersion = 17.5.2.0
MinimumVisualStudioVersion = 10.0.40219.1
Project("{FAE04EC0-301F-11D3-BF4B-00C04F79EFBC}") = "AesBridge", "src\AesBridge\AesBridge.csproj", "{A67D3D5B-53D5-6E14-6D5E-E40D4BD540F7}"
EndProject
Project("{FAE04EC0-301F-11D3-BF4B-00C04F79EFBC}") = "AesBridgeTests", "Tests\AesBridgeTests.csproj", "{96F8D3DF-975E-4AE1-AF4B-78B5AAD7B2E2}"
EndProject
Global
	GlobalSection(SolutionConfigurationPlatforms) = preSolution
		Debug|Any CPU = Debug|Any CPU
		Release|Any CPU = Release|Any CPU
	EndGlobalSection
	GlobalSection(ProjectConfigurationPlatforms) = postSolution
		{A67D3D5B-53D5-6E14-6D5E-E40D4BD540F7}.Debug|Any CPU.ActiveCfg = Debug|Any CPU
		{A67D3D5B-53D5-6E14-6D5E-E40D4BD540F7}.Debug|Any CPU.Build.0 = Debug|Any CPU
		{A67D3D5B-53D5-6E14-6D5E-E40D4BD540F7}.Release|Any CPU.ActiveCfg = Release|Any CPU
		{A67D3D5B-53D5-6E14-6D5E-E40D4BD540F7}.Release|Any CPU.Build.0 = Release|Any CPU
		{96F8D3DF-975E-4AE1-AF4B-78B5AAD7B2E2}.Debug|Any CPU.ActiveCfg = Debug|Any CPU
		{96F8D3DF-975E-4AE1-AF4B-78B5AAD7B2E2}.Debug|Any CPU.Build.0 = Debug|Any CPU
		{96F8D3DF-975E-4AE1-AF4B-78B5AAD7B2E2}.Release|Any CPU.ActiveCfg = Release|Any CPU
		{96F8D3DF-975E-4AE1-AF4B-78B5AAD7B2E2}.Release|Any CPU.Build.0 = Release|Any CPU
	EndGlobalSection
	GlobalSection(SolutionProperties) = preSolution
		HideSolutionNode = FALSE
	EndGlobalSection
	GlobalSection(ExtensibilityGlobals) = postSolution
		SolutionGuid = {8681FB63-9E50-44AA-9C40-76CDDF899809}
	EndGlobalSection
EndGlobal
